
Microsoft Visual Studio Solution File, Format Version 12.00
# Visual Studio Version 17
VisualStudioVersion = 17.5.002.0
MinimumVisualStudioVersion = 10.0.40219.1
Project("{9A19103F-16F7-4668-BE54-9A1E7A4F7556}") = "FractionOps", "FractionOps\FractionOps.csproj", "{6CFA1AC7-93C8-4271-9304-1DF3D647ECA8}"
EndProject
Global
	GlobalSection(SolutionConfigurationPlatforms) = preSolution
		Debug|Any CPU = Debug|Any CPU
		Release|Any CPU = Release|Any CPU
	EndGlobalSection
	GlobalSection(ProjectConfigurationPlatforms) = postSolution
		{6CFA1AC7-93C8-4271-9304-1DF3D647ECA8}.Debug|Any CPU.ActiveCfg = Debug|Any CPU
		{6CFA1AC7-93C8-4271-9304-1DF3D647ECA8}.Debug|Any CPU.Build.0 = Debug|Any CPU
		{6CFA1AC7-93C8-4271-9304-1DF3D647ECA8}.Release|Any CPU.ActiveCfg = Release|Any CPU
		{6CFA1AC7-93C8-4271-9304-1DF3D647ECA8}.Release|Any CPU.Build.0 = Release|Any CPU
	EndGlobalSection
	GlobalSection(SolutionProperties) = preSolution
		HideSolutionNode = FALSE
	EndGlobalSection
	GlobalSection(ExtensibilityGlobals) = postSolution
		SolutionGuid = {A85EC000-E6D3-4F1E-9739-FED80D93437C}
	EndGlobalSection
EndGlobal
